
Microsoft Visual Studio Solution File, Format Version 12.00
# Visual Studio Version 17
VisualStudioVersion = 17.10.35027.167
MinimumVisualStudioVersion = 10.0.40219.1
Project("{FAE04EC0-301F-11D3-BF4B-00C04F79EFBC}") = "Iterator", "Iterator\Iterator.csproj", "{427C0435-083A-402A-A89D-A7C70C220BD0}"
EndProject
Global
	GlobalSection(SolutionConfigurationPlatforms) = preSolution
		Debug|Any CPU = Debug|Any CPU
		Release|Any CPU = Release|Any CPU
	EndGlobalSection
	GlobalSection(ProjectConfigurationPlatforms) = postSolution
		{427C0435-083A-402A-A89D-A7C70C220BD0}.Debug|Any CPU.ActiveCfg = Debug|Any CPU
		{427C0435-083A-402A-A89D-A7C70C220BD0}.Debug|Any CPU.Build.0 = Debug|Any CPU
		{427C0435-083A-402A-A89D-A7C70C220BD0}.Release|Any CPU.ActiveCfg = Release|Any CPU
		{427C0435-083A-402A-A89D-A7C70C220BD0}.Release|Any CPU.Build.0 = Release|Any CPU
	EndGlobalSection
	GlobalSection(SolutionProperties) = preSolution
		HideSolutionNode = FALSE
	EndGlobalSection
	GlobalSection(ExtensibilityGlobals) = postSolution
		SolutionGuid = {18C56392-3195-4F9F-9D06-65F0D7892810}
	EndGlobalSection
EndGlobal
